
Microsoft Visual Studio Solution File, Format Version 12.00
# Visual Studio Version 16
VisualStudioVersion = 16.0.30503.244
MinimumVisualStudioVersion = 10.0.40219.1
Project("{9A19103F-16F7-4668-BE54-9A1E7A4F7556}") = "Mycars", "Mycars.csproj", "{24765A72-ABA2-4D47-AAB1-F0336C35094C}"
EndProject
Global
	GlobalSection(SolutionConfigurationPlatforms) = preSolution
		Debug|Any CPU = Debug|Any CPU
		Release|Any CPU = Release|Any CPU
	EndGlobalSection
	GlobalSection(ProjectConfigurationPlatforms) = postSolution
		{24765A72-ABA2-4D47-AAB1-F0336C35094C}.Debug|Any CPU.ActiveCfg = Debug|Any CPU
		{24765A72-ABA2-4D47-AAB1-F0336C35094C}.Debug|Any CPU.Build.0 = Debug|Any CPU
		{24765A72-ABA2-4D47-AAB1-F0336C35094C}.Release|Any CPU.ActiveCfg = Release|Any CPU
		{24765A72-ABA2-4D47-AAB1-F0336C35094C}.Release|Any CPU.Build.0 = Release|Any CPU
	EndGlobalSection
	GlobalSection(SolutionProperties) = preSolution
		HideSolutionNode = FALSE
	EndGlobalSection
	GlobalSection(ExtensibilityGlobals) = postSolution
		SolutionGuid = {B202353A-C9EF-4927-B791-991F6ACA0F1E}
	EndGlobalSection
EndGlobal
